
Microsoft Visual Studio Solution File, Format Version 12.00
# Visual Studio Version 17
VisualStudioVersion = 17.3.32825.248
MinimumVisualStudioVersion = 10.0.40219.1
Project("{8BC9CEB8-8B4A-11D0-8D11-00A0C91BC942}") = "07022023 oop", "07022023 oop\07022023 oop.vcxproj", "{6479AEBD-22AA-4831-9031-F8A2C8D01CD4}"
EndProject
Global
	GlobalSection(SolutionConfigurationPlatforms) = preSolution
		Debug|x64 = Debug|x64
		Debug|x86 = Debug|x86
		Release|x64 = Release|x64
		Release|x86 = Release|x86
	EndGlobalSection
	GlobalSection(ProjectConfigurationPlatforms) = postSolution
		{6479AEBD-22AA-4831-9031-F8A2C8D01CD4}.Debug|x64.ActiveCfg = Debug|x64
		{6479AEBD-22AA-4831-9031-F8A2C8D01CD4}.Debug|x64.Build.0 = Debug|x64
		{6479AEBD-22AA-4831-9031-F8A2C8D01CD4}.Debug|x86.ActiveCfg = Debug|Win32
		{6479AEBD-22AA-4831-9031-F8A2C8D01CD4}.Debug|x86.Build.0 = Debug|Win32
		{6479AEBD-22AA-4831-9031-F8A2C8D01CD4}.Release|x64.ActiveCfg = Release|x64
		{6479AEBD-22AA-4831-9031-F8A2C8D01CD4}.Release|x64.Build.0 = Release|x64
		{6479AEBD-22AA-4831-9031-F8A2C8D01CD4}.Release|x86.ActiveCfg = Release|Win32
		{6479AEBD-22AA-4831-9031-F8A2C8D01CD4}.Release|x86.Build.0 = Release|Win32
	EndGlobalSection
	GlobalSection(SolutionProperties) = preSolution
		HideSolutionNode = FALSE
	EndGlobalSection
	GlobalSection(ExtensibilityGlobals) = postSolution
		SolutionGuid = {E44ADECA-AF9F-42C2-9EE1-2EFDBE90D615}
	EndGlobalSection
EndGlobal
